
Microsoft Visual Studio Solution File, Format Version 12.00
# Visual Studio Version 16
VisualStudioVersion = 16.0.31624.102
MinimumVisualStudioVersion = 10.0.40219.1
Project("{9A19103F-16F7-4668-BE54-9A1E7A4F7556}") = "WebapplicatieFysioAvans", "WebapplicatieFysioAvans\WebapplicatieFysioAvans.csproj", "{8A67771F-3586-48EE-B826-ADBB4A7C9FF6}"
EndProject
Project("{9A19103F-16F7-4668-BE54-9A1E7A4F7556}") = "DomainModel", "DomainModel\DomainModel.csproj", "{BAE730E0-B67A-40AC-BC14-C16212D68EEF}"
EndProject
Project("{9A19103F-16F7-4668-BE54-9A1E7A4F7556}") = "DomainServices", "DomainServices\DomainServices.csproj", "{03EC55D1-4872-470B-8E6E-8E79055EAC3C}"
EndProject
Project("{FAE04EC0-301F-11D3-BF4B-00C04F79EFBC}") = "Infrastructure", "Infrastructure\Infrastructure.csproj", "{425D18A3-408B-4AC8-84C3-764220EFE070}"
EndProject
Global
	GlobalSection(SolutionConfigurationPlatforms) = preSolution
		Debug|Any CPU = Debug|Any CPU
		Release|Any CPU = Release|Any CPU
	EndGlobalSection
	GlobalSection(ProjectConfigurationPlatforms) = postSolution
		{8A67771F-3586-48EE-B826-ADBB4A7C9FF6}.Debug|Any CPU.ActiveCfg = Debug|Any CPU
		{8A67771F-3586-48EE-B826-ADBB4A7C9FF6}.Debug|Any CPU.Build.0 = Debug|Any CPU
		{8A67771F-3586-48EE-B826-ADBB4A7C9FF6}.Release|Any CPU.ActiveCfg = Release|Any CPU
		{8A67771F-3586-48EE-B826-ADBB4A7C9FF6}.Release|Any CPU.Build.0 = Release|Any CPU
		{BAE730E0-B67A-40AC-BC14-C16212D68EEF}.Debug|Any CPU.ActiveCfg = Debug|Any CPU
		{BAE730E0-B67A-40AC-BC14-C16212D68EEF}.Debug|Any CPU.Build.0 = Debug|Any CPU
		{BAE730E0-B67A-40AC-BC14-C16212D68EEF}.Release|Any CPU.ActiveCfg = Release|Any CPU
		{BAE730E0-B67A-40AC-BC14-C16212D68EEF}.Release|Any CPU.Build.0 = Release|Any CPU
		{03EC55D1-4872-470B-8E6E-8E79055EAC3C}.Debug|Any CPU.ActiveCfg = Debug|Any CPU
		{03EC55D1-4872-470B-8E6E-8E79055EAC3C}.Debug|Any CPU.Build.0 = Debug|Any CPU
		{03EC55D1-4872-470B-8E6E-8E79055EAC3C}.Release|Any CPU.ActiveCfg = Release|Any CPU
		{03EC55D1-4872-470B-8E6E-8E79055EAC3C}.Release|Any CPU.Build.0 = Release|Any CPU
		{425D18A3-408B-4AC8-84C3-764220EFE070}.Debug|Any CPU.ActiveCfg = Debug|Any CPU
		{425D18A3-408B-4AC8-84C3-764220EFE070}.Debug|Any CPU.Build.0 = Debug|Any CPU
		{425D18A3-408B-4AC8-84C3-764220EFE070}.Release|Any CPU.ActiveCfg = Release|Any CPU
		{425D18A3-408B-4AC8-84C3-764220EFE070}.Release|Any CPU.Build.0 = Release|Any CPU
	EndGlobalSection
	GlobalSection(SolutionProperties) = preSolution
		HideSolutionNode = FALSE
	EndGlobalSection
	GlobalSection(ExtensibilityGlobals) = postSolution
		SolutionGuid = {20F2F8C0-81A3-4AFE-9998-AAEC1C1543B6}
	EndGlobalSection
EndGlobal
